
Microsoft Visual Studio Solution File, Format Version 12.00
# Visual Studio 15
VisualStudioVersion = 15.0.28307.1062
MinimumVisualStudioVersion = 10.0.40219.1
Project("{FAE04EC0-301F-11D3-BF4B-00C04F79EFBC}") = "OtoGaleriOtomasyon", "OtoGaleriOtomasyon\OtoGaleriOtomasyon.csproj", "{FC007722-35A3-43FC-A19C-AD53114C6466}"
EndProject
Global
	GlobalSection(SolutionConfigurationPlatforms) = preSolution
		Debug|Any CPU = Debug|Any CPU
		Release|Any CPU = Release|Any CPU
	EndGlobalSection
	GlobalSection(ProjectConfigurationPlatforms) = postSolution
		{FC007722-35A3-43FC-A19C-AD53114C6466}.Debug|Any CPU.ActiveCfg = Debug|Any CPU
		{FC007722-35A3-43FC-A19C-AD53114C6466}.Debug|Any CPU.Build.0 = Debug|Any CPU
		{FC007722-35A3-43FC-A19C-AD53114C6466}.Release|Any CPU.ActiveCfg = Release|Any CPU
		{FC007722-35A3-43FC-A19C-AD53114C6466}.Release|Any CPU.Build.0 = Release|Any CPU
	EndGlobalSection
	GlobalSection(SolutionProperties) = preSolution
		HideSolutionNode = FALSE
	EndGlobalSection
	GlobalSection(ExtensibilityGlobals) = postSolution
		SolutionGuid = {7C648C02-B5F8-499C-BA23-567872ACDB3F}
	EndGlobalSection
EndGlobal
